// !$*UTF8*$!
{
	archiveVersion = 1;
	classes = {
	};
	objectVersion = 46;
	objects = {

/* Begin PBXBuildFile section */
		750C72CE150BD684009806BA /* MustangsIconSmall.png in Resources */ = {isa = PBXBuildFile; fileRef = 750C72CD150BD684009806BA /* MustangsIconSmall.png */; };
		750C72D0150BD692009806BA /* MustangsIconLarge.png in Resources */ = {isa = PBXBuildFile; fileRef = 750C72CF150BD692009806BA /* MustangsIconLarge.png */; };
		7512CF6614F5F78900359035 /* Tiles in Resources */ = {isa = PBXBuildFile; fileRef = 7512CF6514F5F78900359035 /* Tiles */; };
		7548BCE5150987E8000EF713 /* 08-chatWhite@2x.png in Resources */ = {isa = PBXBuildFile; fileRef = 7548BCE4150987E8000EF713 /* 08-chatWhite@2x.png */; };
		7548BCEA1509892B000EF713 /* 112-group@2x.png in Resources */ = {isa = PBXBuildFile; fileRef = 7548BCE61509892B000EF713 /* 112-group@2x.png */; };
		7548BCEB1509892B000EF713 /* 65-note@2x.png in Resources */ = {isa = PBXBuildFile; fileRef = 7548BCE71509892B000EF713 /* 65-note@2x.png */; };
		7548BCEC1509892B000EF713 /* 83-calendar@2x.png in Resources */ = {isa = PBXBuildFile; fileRef = 7548BCE81509892B000EF713 /* 83-calendar@2x.png */; };
		7548BCED1509892B000EF713 /* 103-mapWhite@2x.png in Resources */ = {isa = PBXBuildFile; fileRef = 7548BCE91509892B000EF713 /* 103-mapWhite@2x.png */; };
		759DFA7F14FADD340045902A /* mapOptionViewController.m in Sources */ = {isa = PBXBuildFile; fileRef = 759DFA7E14FADD340045902A /* mapOptionViewController.m */; };
		75E4EDBF150AB28600A93225 /* navBg@2x.png in Resources */ = {isa = PBXBuildFile; fileRef = 75E4EDBE150AB28600A93225 /* navBg@2x.png */; };
		75E4EDC7150AB82B00A93225 /* backButton@2x.png in Resources */ = {isa = PBXBuildFile; fileRef = 75E4EDC6150AB82B00A93225 /* backButton@2x.png */; };
		75E4EDC9150AB85D00A93225 /* buttonBg@2x.png in Resources */ = {isa = PBXBuildFile; fileRef = 75E4EDC8150AB85D00A93225 /* buttonBg@2x.png */; };
		D13DA35014DD409000C3585D /* TileOverlay.m in Sources */ = {isa = PBXBuildFile; fileRef = D13DA34D14DD409000C3585D /* TileOverlay.m */; };
		D13DA35114DD409000C3585D /* TileOverlayView.m in Sources */ = {isa = PBXBuildFile; fileRef = D13DA34F14DD409000C3585D /* TileOverlayView.m */; };
		D13DA35814DDAFD100C3585D /* QuartzCore.framework in Frameworks */ = {isa = PBXBuildFile; fileRef = D13DA35714DDAFD000C3585D /* QuartzCore.framework */; };
		D198176014DCDAB700B2B8EB /* UIKit.framework in Frameworks */ = {isa = PBXBuildFile; fileRef = D198175F14DCDAB700B2B8EB /* UIKit.framework */; };
		D198176214DCDAB700B2B8EB /* Foundation.framework in Frameworks */ = {isa = PBXBuildFile; fileRef = D198176114DCDAB700B2B8EB /* Foundation.framework */; };
		D198176414DCDAB700B2B8EB /* CoreGraphics.framework in Frameworks */ = {isa = PBXBuildFile; fileRef = D198176314DCDAB700B2B8EB /* CoreGraphics.framework */; };
		D198176A14DCDAB700B2B8EB /* InfoPlist.strings in Resources */ = {isa = PBXBuildFile; fileRef = D198176814DCDAB700B2B8EB /* InfoPlist.strings */; };
		D198176C14DCDAB700B2B8EB /* main.m in Sources */ = {isa = PBXBuildFile; fileRef = D198176B14DCDAB700B2B8EB /* main.m */; };
		D198177014DCDAB700B2B8EB /* msuAppDelegate.m in Sources */ = {isa = PBXBuildFile; fileRef = D198176F14DCDAB700B2B8EB /* msuAppDelegate.m */; };
		D198177314DCDAB700B2B8EB /* MainStoryboard.storyboard in Resources */ = {isa = PBXBuildFile; fileRef = D198177114DCDAB700B2B8EB /* MainStoryboard.storyboard */; };
		D198177614DCDAB700B2B8EB /* msuViewController.m in Sources */ = {isa = PBXBuildFile; fileRef = D198177514DCDAB700B2B8EB /* msuViewController.m */; };
		D198179514DCDACA00B2B8EB /* CoreLocation.framework in Frameworks */ = {isa = PBXBuildFile; fileRef = D198179414DCDACA00B2B8EB /* CoreLocation.framework */; };
		D198179714DCDAD500B2B8EB /* MapKit.framework in Frameworks */ = {isa = PBXBuildFile; fileRef = D198179614DCDAD500B2B8EB /* MapKit.framework */; };
		D198179A14DCDC9B00B2B8EB /* iMustangsHomeBG.jpg in Resources */ = {isa = PBXBuildFile; fileRef = D198179914DCDC9B00B2B8EB /* iMustangsHomeBG.jpg */; };
		D19817AF14DCEBF800B2B8EB /* mainBg.jpg in Resources */ = {isa = PBXBuildFile; fileRef = D19817AE14DCEBF800B2B8EB /* mainBg.jpg */; };
		D1AEA23F14DDEA13000062BA /* eventsViewController.m in Sources */ = {isa = PBXBuildFile; fileRef = D1AEA23E14DDEA13000062BA /* eventsViewController.m */; };
		D1AEA24314DDEA2E000062BA /* bandViewController.m in Sources */ = {isa = PBXBuildFile; fileRef = D1AEA24214DDEA2E000062BA /* bandViewController.m */; };
		D1AEA24614DDEA42000062BA /* featuresViewController.m in Sources */ = {isa = PBXBuildFile; fileRef = D1AEA24514DDEA42000062BA /* featuresViewController.m */; };
		D1AEA24914DDEA58000062BA /* directoryViewController.m in Sources */ = {isa = PBXBuildFile; fileRef = D1AEA24814DDEA57000062BA /* directoryViewController.m */; };
		D1AEA24C14DDEA75000062BA /* greekViewController.m in Sources */ = {isa = PBXBuildFile; fileRef = D1AEA24B14DDEA75000062BA /* greekViewController.m */; };
		D1EDCE8414DD2FE0008B624A /* mapViewController.m in Sources */ = {isa = PBXBuildFile; fileRef = D1EDCE8314DD2FE0008B624A /* mapViewController.m */; };
/* End PBXBuildFile section */

/* Begin PBXFileReference section */
		750C72CD150BD684009806BA /* MustangsIconSmall.png */ = {isa = PBXFileReference; lastKnownFileType = image.png; name = MustangsIconSmall.png; path = ../MustangsIconSmall.png; sourceTree = "<group>"; };
		750C72CF150BD692009806BA /* MustangsIconLarge.png */ = {isa = PBXFileReference; lastKnownFileType = image.png; name = MustangsIconLarge.png; path = ../MustangsIconLarge.png; sourceTree = "<group>"; };
		7512CF6514F5F78900359035 /* Tiles */ = {isa = PBXFileReference; lastKnownFileType = folder; path = Tiles; sourceTree = "<group>"; };
		7548BCE4150987E8000EF713 /* 08-chatWhite@2x.png */ = {isa = PBXFileReference; lastKnownFileType = image.png; path = "08-chatWhite@2x.png"; sourceTree = "<group>"; };
		7548BCE61509892B000EF713 /* 112-group@2x.png */ = {isa = PBXFileReference; lastKnownFileType = image.png; path = "112-group@2x.png"; sourceTree = "<group>"; };
		7548BCE71509892B000EF713 /* 65-note@2x.png */ = {isa = PBXFileReference; lastKnownFileType = image.png; path = "65-note@2x.png"; sourceTree = "<group>"; };
		7548BCE81509892B000EF713 /* 83-calendar@2x.png */ = {isa = PBXFileReference; lastKnownFileType = image.png; path = "83-calendar@2x.png"; sourceTree = "<group>"; };
		7548BCE91509892B000EF713 /* 103-mapWhite@2x.png */ = {isa = PBXFileReference; lastKnownFileType = image.png; path = "103-mapWhite@2x.png"; sourceTree = "<group>"; };
		759DFA7D14FADD340045902A /* mapOptionViewController.h */ = {isa = PBXFileReference; fileEncoding = 4; lastKnownFileType = sourcecode.c.h; path = mapOptionViewController.h; sourceTree = "<group>"; };
		759DFA7E14FADD340045902A /* mapOptionViewController.m */ = {isa = PBXFileReference; fileEncoding = 4; lastKnownFileType = sourcecode.c.objc; path = mapOptionViewController.m; sourceTree = "<group>"; };
		75E4EDBE150AB28600A93225 /* navBg@2x.png */ = {isa = PBXFileReference; lastKnownFileType = image.png; path = "navBg@2x.png"; sourceTree = "<group>"; };
		75E4EDC6150AB82B00A93225 /* backButton@2x.png */ = {isa = PBXFileReference; lastKnownFileType = image.png; path = "backButton@2x.png"; sourceTree = "<group>"; };
		75E4EDC8150AB85D00A93225 /* buttonBg@2x.png */ = {isa = PBXFileReference; lastKnownFileType = image.png; path = "buttonBg@2x.png"; sourceTree = "<group>"; };
		D13DA34C14DD409000C3585D /* TileOverlay.h */ = {isa = PBXFileReference; fileEncoding = 4; lastKnownFileType = sourcecode.c.h; path = TileOverlay.h; sourceTree = "<group>"; };
		D13DA34D14DD409000C3585D /* TileOverlay.m */ = {isa = PBXFileReference; fileEncoding = 4; lastKnownFileType = sourcecode.c.objc; path = TileOverlay.m; sourceTree = "<group>"; };
		D13DA34E14DD409000C3585D /* TileOverlayView.h */ = {isa = PBXFileReference; fileEncoding = 4; lastKnownFileType = sourcecode.c.h; path = TileOverlayView.h; sourceTree = "<group>"; };
		D13DA34F14DD409000C3585D /* TileOverlayView.m */ = {isa = PBXFileReference; fileEncoding = 4; lastKnownFileType = sourcecode.c.objc; path = TileOverlayView.m; sourceTree = "<group>"; };
		D13DA35714DDAFD000C3585D /* QuartzCore.framework */ = {isa = PBXFileReference; lastKnownFileType = wrapper.framework; name = QuartzCore.framework; path = System/Library/Frameworks/QuartzCore.framework; sourceTree = SDKROOT; };
		D198175B14DCDAB700B2B8EB /* iMustangs.app */ = {isa = PBXFileReference; explicitFileType = wrapper.application; includeInIndex = 0; path = iMustangs.app; sourceTree = BUILT_PRODUCTS_DIR; };
		D198175F14DCDAB700B2B8EB /* UIKit.framework */ = {isa = PBXFileReference; lastKnownFileType = wrapper.framework; name = UIKit.framework; path = System/Library/Frameworks/UIKit.framework; sourceTree = SDKROOT; };
		D198176114DCDAB700B2B8EB /* Foundation.framework */ = {isa = PBXFileReference; lastKnownFileType = wrapper.framework; name = Foundation.framework; path = System/Library/Frameworks/Foundation.framework; sourceTree = SDKROOT; };
		D198176314DCDAB700B2B8EB /* CoreGraphics.framework */ = {isa = PBXFileReference; lastKnownFileType = wrapper.framework; name = CoreGraphics.framework; path = System/Library/Frameworks/CoreGraphics.framework; sourceTree = SDKROOT; };
		D198176714DCDAB700B2B8EB /* iMustangs-Info.plist */ = {isa = PBXFileReference; lastKnownFileType = text.plist.xml; path = "iMustangs-Info.plist"; sourceTree = "<group>"; };
		D198176914DCDAB700B2B8EB /* en */ = {isa = PBXFileReference; lastKnownFileType = text.plist.strings; name = en; path = en.lproj/InfoPlist.strings; sourceTree = "<group>"; };
		D198176B14DCDAB700B2B8EB /* main.m */ = {isa = PBXFileReference; lastKnownFileType = sourcecode.c.objc; path = main.m; sourceTree = "<group>"; };
		D198176D14DCDAB700B2B8EB /* iMustangs-Prefix.pch */ = {isa = PBXFileReference; lastKnownFileType = sourcecode.c.h; path = "iMustangs-Prefix.pch"; sourceTree = "<group>"; };
		D198176E14DCDAB700B2B8EB /* msuAppDelegate.h */ = {isa = PBXFileReference; lastKnownFileType = sourcecode.c.h; path = msuAppDelegate.h; sourceTree = "<group>"; };
		D198176F14DCDAB700B2B8EB /* msuAppDelegate.m */ = {isa = PBXFileReference; lastKnownFileType = sourcecode.c.objc; path = msuAppDelegate.m; sourceTree = "<group>"; };
		D198177214DCDAB700B2B8EB /* en */ = {isa = PBXFileReference; lastKnownFileType = file.storyboard; name = en; path = en.lproj/MainStoryboard.storyboard; sourceTree = "<group>"; };
		D198177414DCDAB700B2B8EB /* msuViewController.h */ = {isa = PBXFileReference; lastKnownFileType = sourcecode.c.h; path = msuViewController.h; sourceTree = "<group>"; };
		D198177514DCDAB700B2B8EB /* msuViewController.m */ = {isa = PBXFileReference; lastKnownFileType = sourcecode.c.objc; path = msuViewController.m; sourceTree = "<group>"; };
		D198177D14DCDAB700B2B8EB /* SenTestingKit.framework */ = {isa = PBXFileReference; lastKnownFileType = wrapper.framework; name = SenTestingKit.framework; path = Library/Frameworks/SenTestingKit.framework; sourceTree = DEVELOPER_DIR; };
		D198178514DCDAB700B2B8EB /* iMustangsTests-Info.plist */ = {isa = PBXFileReference; lastKnownFileType = text.plist.xml; path = "iMustangsTests-Info.plist"; sourceTree = "<group>"; };
		D198178714DCDAB700B2B8EB /* en */ = {isa = PBXFileReference; lastKnownFileType = text.plist.strings; name = en; path = en.lproj/InfoPlist.strings; sourceTree = "<group>"; };
		D198178914DCDAB700B2B8EB /* iMustangsTests.h */ = {isa = PBXFileReference; lastKnownFileType = sourcecode.c.h; path = iMustangsTests.h; sourceTree = "<group>"; };
		D198178A14DCDAB700B2B8EB /* iMustangsTests.m */ = {isa = PBXFileReference; lastKnownFileType = sourcecode.c.objc; path = iMustangsTests.m; sourceTree = "<group>"; };
		D198179414DCDACA00B2B8EB /* CoreLocation.framework */ = {isa = PBXFileReference; lastKnownFileType = wrapper.framework; name = CoreLocation.framework; path = System/Library/Frameworks/CoreLocation.framework; sourceTree = SDKROOT; };
		D198179614DCDAD500B2B8EB /* MapKit.framework */ = {isa = PBXFileReference; lastKnownFileType = wrapper.framework; name = MapKit.framework; path = System/Library/Frameworks/MapKit.framework; sourceTree = SDKROOT; };
		D198179914DCDC9B00B2B8EB /* iMustangsHomeBG.jpg */ = {isa = PBXFileReference; lastKnownFileType = image.jpeg; path = iMustangsHomeBG.jpg; sourceTree = "<group>"; };
		D19817AE14DCEBF800B2B8EB /* mainBg.jpg */ = {isa = PBXFileReference; lastKnownFileType = image.jpeg; path = mainBg.jpg; sourceTree = "<group>"; };
		D1AEA23D14DDEA13000062BA /* eventsViewController.h */ = {isa = PBXFileReference; fileEncoding = 4; lastKnownFileType = sourcecode.c.h; path = eventsViewController.h; sourceTree = "<group>"; };
		D1AEA23E14DDEA13000062BA /* eventsViewController.m */ = {isa = PBXFileReference; fileEncoding = 4; lastKnownFileType = sourcecode.c.objc; path = eventsViewController.m; sourceTree = "<group>"; };
		D1AEA24114DDEA2E000062BA /* bandViewController.h */ = {isa = PBXFileReference; fileEncoding = 4; lastKnownFileType = sourcecode.c.h; path = bandViewController.h; sourceTree = "<group>"; };
		D1AEA24214DDEA2E000062BA /* bandViewController.m */ = {isa = PBXFileReference; fileEncoding = 4; lastKnownFileType = sourcecode.c.objc; path = bandViewController.m; sourceTree = "<group>"; };
		D1AEA24414DDEA42000062BA /* featuresViewController.h */ = {isa = PBXFileReference; fileEncoding = 4; lastKnownFileType = sourcecode.c.h; path = featuresViewController.h; sourceTree = "<group>"; };
		D1AEA24514DDEA42000062BA /* featuresViewController.m */ = {isa = PBXFileReference; fileEncoding = 4; lastKnownFileType = sourcecode.c.objc; path = featuresViewController.m; sourceTree = "<group>"; };
		D1AEA24714DDEA57000062BA /* directoryViewController.h */ = {isa = PBXFileReference; fileEncoding = 4; lastKnownFileType = sourcecode.c.h; path = directoryViewController.h; sourceTree = "<group>"; };
		D1AEA24814DDEA57000062BA /* directoryViewController.m */ = {isa = PBXFileReference; fileEncoding = 4; lastKnownFileType = sourcecode.c.objc; path = directoryViewController.m; sourceTree = "<group>"; };
		D1AEA24A14DDEA75000062BA /* greekViewController.h */ = {isa = PBXFileReference; fileEncoding = 4; lastKnownFileType = sourcecode.c.h; path = greekViewController.h; sourceTree = "<group>"; };
		D1AEA24B14DDEA75000062BA /* greekViewController.m */ = {isa = PBXFileReference; fileEncoding = 4; lastKnownFileType = sourcecode.c.objc; path = greekViewController.m; sourceTree = "<group>"; };
		D1EDCE8214DD2FE0008B624A /* mapViewController.h */ = {isa = PBXFileReference; fileEncoding = 4; lastKnownFileType = sourcecode.c.h; path = mapViewController.h; sourceTree = "<group>"; };
		D1EDCE8314DD2FE0008B624A /* mapViewController.m */ = {isa = PBXFileReference; fileEncoding = 4; lastKnownFileType = sourcecode.c.objc; path = mapViewController.m; sourceTree = "<group>"; };
/* End PBXFileReference section */

/* Begin PBXFrameworksBuildPhase section */
		D198175814DCDAB700B2B8EB /* Frameworks */ = {
			isa = PBXFrameworksBuildPhase;
			buildActionMask = 2147483647;
			files = (
				D13DA35814DDAFD100C3585D /* QuartzCore.framework in Frameworks */,
				D198179714DCDAD500B2B8EB /* MapKit.framework in Frameworks */,
				D198179514DCDACA00B2B8EB /* CoreLocation.framework in Frameworks */,
				D198176014DCDAB700B2B8EB /* UIKit.framework in Frameworks */,
				D198176214DCDAB700B2B8EB /* Foundation.framework in Frameworks */,
				D198176414DCDAB700B2B8EB /* CoreGraphics.framework in Frameworks */,
			);
			runOnlyForDeploymentPostprocessing = 0;
		};
/* End PBXFrameworksBuildPhase section */

/* Begin PBXGroup section */
		D18E32DD14DDD45600824BA3 /* Resources */ = {
			isa = PBXGroup;
			children = (
				7512CF6514F5F78900359035 /* Tiles */,
				D198179814DCDC8D00B2B8EB /* Images */,
			);
			name = Resources;
			sourceTree = "<group>";
		};
		D198175014DCDAB600B2B8EB = {
			isa = PBXGroup;
			children = (
				D198176514DCDAB700B2B8EB /* iMustangs */,
				D198178314DCDAB700B2B8EB /* iMustangsTests */,
				D198175E14DCDAB700B2B8EB /* Frameworks */,
				D198175C14DCDAB700B2B8EB /* Products */,
			);
			sourceTree = "<group>";
		};
		D198175C14DCDAB700B2B8EB /* Products */ = {
			isa = PBXGroup;
			children = (
				D198175B14DCDAB700B2B8EB /* iMustangs.app */,
			);
			name = Products;
			sourceTree = "<group>";
		};
		D198175E14DCDAB700B2B8EB /* Frameworks */ = {
			isa = PBXGroup;
			children = (
				D13DA35714DDAFD000C3585D /* QuartzCore.framework */,
				D198179614DCDAD500B2B8EB /* MapKit.framework */,
				D198179414DCDACA00B2B8EB /* CoreLocation.framework */,
				D198175F14DCDAB700B2B8EB /* UIKit.framework */,
				D198176114DCDAB700B2B8EB /* Foundation.framework */,
				D198176314DCDAB700B2B8EB /* CoreGraphics.framework */,
				D198177D14DCDAB700B2B8EB /* SenTestingKit.framework */,
			);
			name = Frameworks;
			sourceTree = "<group>";
		};
		D198176514DCDAB700B2B8EB /* iMustangs */ = {
			isa = PBXGroup;
			children = (
				D18E32DD14DDD45600824BA3 /* Resources */,
				D19817A714DCE7C200B2B8EB /* Classes */,
				D198176E14DCDAB700B2B8EB /* msuAppDelegate.h */,
				D198176F14DCDAB700B2B8EB /* msuAppDelegate.m */,
				D198177114DCDAB700B2B8EB /* MainStoryboard.storyboard */,
				D198176614DCDAB700B2B8EB /* Supporting Files */,
			);
			path = iMustangs;
			sourceTree = "<group>";
		};
		D198176614DCDAB700B2B8EB /* Supporting Files */ = {
			isa = PBXGroup;
			children = (
				D198176714DCDAB700B2B8EB /* iMustangs-Info.plist */,
				D198176814DCDAB700B2B8EB /* InfoPlist.strings */,
				D198176B14DCDAB700B2B8EB /* main.m */,
				D198176D14DCDAB700B2B8EB /* iMustangs-Prefix.pch */,
			);
			name = "Supporting Files";
			sourceTree = "<group>";
		};
		D198178314DCDAB700B2B8EB /* iMustangsTests */ = {
			isa = PBXGroup;
			children = (
				D198178914DCDAB700B2B8EB /* iMustangsTests.h */,
				D198178A14DCDAB700B2B8EB /* iMustangsTests.m */,
				D198178414DCDAB700B2B8EB /* Supporting Files */,
			);
			path = iMustangsTests;
			sourceTree = "<group>";
		};
		D198178414DCDAB700B2B8EB /* Supporting Files */ = {
			isa = PBXGroup;
			children = (
				D198178514DCDAB700B2B8EB /* iMustangsTests-Info.plist */,
				D198178614DCDAB700B2B8EB /* InfoPlist.strings */,
			);
			name = "Supporting Files";
			sourceTree = "<group>";
		};
		D198179814DCDC8D00B2B8EB /* Images */ = {
			isa = PBXGroup;
			children = (
				D198179914DCDC9B00B2B8EB /* iMustangsHomeBG.jpg */,
				7548BCE61509892B000EF713 /* 112-group@2x.png */,
				75E4EDBE150AB28600A93225 /* navBg@2x.png */,
				75E4EDC6150AB82B00A93225 /* backButton@2x.png */,
				75E4EDC8150AB85D00A93225 /* buttonBg@2x.png */,
				750C72CF150BD692009806BA /* MustangsIconLarge.png */,
				750C72CD150BD684009806BA /* MustangsIconSmall.png */,
				7548BCE71509892B000EF713 /* 65-note@2x.png */,
				7548BCE81509892B000EF713 /* 83-calendar@2x.png */,
				7548BCE91509892B000EF713 /* 103-mapWhite@2x.png */,
				D19817AE14DCEBF800B2B8EB /* mainBg.jpg */,
				7548BCE4150987E8000EF713 /* 08-chatWhite@2x.png */,
			);
			name = Images;
			sourceTree = "<group>";
		};
		D19817A714DCE7C200B2B8EB /* Classes */ = {
			isa = PBXGroup;
			children = (
				D198177414DCDAB700B2B8EB /* msuViewController.h */,
				D198177514DCDAB700B2B8EB /* msuViewController.m */,
				D13DA34C14DD409000C3585D /* TileOverlay.h */,
				D13DA34D14DD409000C3585D /* TileOverlay.m */,
				D13DA34E14DD409000C3585D /* TileOverlayView.h */,
				D13DA34F14DD409000C3585D /* TileOverlayView.m */,
				D1EDCE8214DD2FE0008B624A /* mapViewController.h */,
				D1EDCE8314DD2FE0008B624A /* mapViewController.m */,
				D1AEA23D14DDEA13000062BA /* eventsViewController.h */,
				D1AEA23E14DDEA13000062BA /* eventsViewController.m */,
				D1AEA24114DDEA2E000062BA /* bandViewController.h */,
				D1AEA24214DDEA2E000062BA /* bandViewController.m */,
				D1AEA24414DDEA42000062BA /* featuresViewController.h */,
				D1AEA24514DDEA42000062BA /* featuresViewController.m */,
				D1AEA24714DDEA57000062BA /* directoryViewController.h */,
				D1AEA24814DDEA57000062BA /* directoryViewController.m */,
				D1AEA24A14DDEA75000062BA /* greekViewController.h */,
				D1AEA24B14DDEA75000062BA /* greekViewController.m */,
				759DFA7D14FADD340045902A /* mapOptionViewController.h */,
				759DFA7E14FADD340045902A /* mapOptionViewController.m */,
			);
			name = Classes;
			sourceTree = "<group>";
		};
/* End PBXGroup section */

/* Begin PBXNativeTarget section */
		D198175A14DCDAB700B2B8EB /* iMustangs */ = {
			isa = PBXNativeTarget;
			buildConfigurationList = D198178E14DCDAB700B2B8EB /* Build configuration list for PBXNativeTarget "iMustangs" */;
			buildPhases = (
				D198175714DCDAB700B2B8EB /* Sources */,
				D198175814DCDAB700B2B8EB /* Frameworks */,
				D198175914DCDAB700B2B8EB /* Resources */,
			);
			buildRules = (
			);
			dependencies = (
			);
			name = iMustangs;
			productName = iMustangs;
			productReference = D198175B14DCDAB700B2B8EB /* iMustangs.app */;
			productType = "com.apple.product-type.application";
		};
/* End PBXNativeTarget section */

/* Begin PBXProject section */
		D198175214DCDAB600B2B8EB /* Project object */ = {
			isa = PBXProject;
			attributes = {
				LastUpgradeCheck = 0430;
			};
			buildConfigurationList = D198175514DCDAB600B2B8EB /* Build configuration list for PBXProject "iMustangs" */;
			compatibilityVersion = "Xcode 3.2";
			developmentRegion = English;
			hasScannedForEncodings = 0;
			knownRegions = (
				en,
			);
			mainGroup = D198175014DCDAB600B2B8EB;
			productRefGroup = D198175C14DCDAB700B2B8EB /* Products */;
			projectDirPath = "";
			projectRoot = "";
			targets = (
				D198175A14DCDAB700B2B8EB /* iMustangs */,
			);
		};
/* End PBXProject section */

/* Begin PBXResourcesBuildPhase section */
		D198175914DCDAB700B2B8EB /* Resources */ = {
			isa = PBXResourcesBuildPhase;
			buildActionMask = 2147483647;
			files = (
				D198176A14DCDAB700B2B8EB /* InfoPlist.strings in Resources */,
				D198177314DCDAB700B2B8EB /* MainStoryboard.storyboard in Resources */,
				D198179A14DCDC9B00B2B8EB /* iMustangsHomeBG.jpg in Resources */,
				D19817AF14DCEBF800B2B8EB /* mainBg.jpg in Resources */,
				7512CF6614F5F78900359035 /* Tiles in Resources */,
				7548BCE5150987E8000EF713 /* 08-chatWhite@2x.png in Resources */,
				7548BCEA1509892B000EF713 /* 112-group@2x.png in Resources */,
				7548BCEB1509892B000EF713 /* 65-note@2x.png in Resources */,
				7548BCEC1509892B000EF713 /* 83-calendar@2x.png in Resources */,
				7548BCED1509892B000EF713 /* 103-mapWhite@2x.png in Resources */,
				75E4EDBF150AB28600A93225 /* navBg@2x.png in Resources */,
				75E4EDC7150AB82B00A93225 /* backButton@2x.png in Resources */,
				75E4EDC9150AB85D00A93225 /* buttonBg@2x.png in Resources */,
				750C72CE150BD684009806BA /* MustangsIconSmall.png in Resources */,
				750C72D0150BD692009806BA /* MustangsIconLarge.png in Resources */,
			);
			runOnlyForDeploymentPostprocessing = 0;
		};
/* End PBXResourcesBuildPhase section */

/* Begin PBXSourcesBuildPhase section */
		D198175714DCDAB700B2B8EB /* Sources */ = {
			isa = PBXSourcesBuildPhase;
			buildActionMask = 2147483647;
			files = (
				D198176C14DCDAB700B2B8EB /* main.m in Sources */,
				D198177014DCDAB700B2B8EB /* msuAppDelegate.m in Sources */,
				D198177614DCDAB700B2B8EB /* msuViewController.m in Sources */,
				D1EDCE8414DD2FE0008B624A /* mapViewController.m in Sources */,
				D13DA35014DD409000C3585D /* TileOverlay.m in Sources */,
				D13DA35114DD409000C3585D /* TileOverlayView.m in Sources */,
				D1AEA23F14DDEA13000062BA /* eventsViewController.m in Sources */,
				D1AEA24314DDEA2E000062BA /* bandViewController.m in Sources */,
				D1AEA24614DDEA42000062BA /* featuresViewController.m in Sources */,
				D1AEA24914DDEA58000062BA /* directoryViewController.m in Sources */,
				D1AEA24C14DDEA75000062BA /* greekViewController.m in Sources */,
				759DFA7F14FADD340045902A /* mapOptionViewController.m in Sources */,
			);
			runOnlyForDeploymentPostprocessing = 0;
		};
/* End PBXSourcesBuildPhase section */

/* Begin PBXVariantGroup section */
		D198176814DCDAB700B2B8EB /* InfoPlist.strings */ = {
			isa = PBXVariantGroup;
			children = (
				D198176914DCDAB700B2B8EB /* en */,
			);
			name = InfoPlist.strings;
			sourceTree = "<group>";
		};
		D198177114DCDAB700B2B8EB /* MainStoryboard.storyboard */ = {
			isa = PBXVariantGroup;
			children = (
				D198177214DCDAB700B2B8EB /* en */,
			);
			name = MainStoryboard.storyboard;
			sourceTree = "<group>";
		};
		D198178614DCDAB700B2B8EB /* InfoPlist.strings */ = {
			isa = PBXVariantGroup;
			children = (
				D198178714DCDAB700B2B8EB /* en */,
			);
			name = InfoPlist.strings;
			sourceTree = "<group>";
		};
/* End PBXVariantGroup section */

/* Begin XCBuildConfiguration section */
		D198178C14DCDAB700B2B8EB /* Debug */ = {
			isa = XCBuildConfiguration;
			buildSettings = {
				ALWAYS_SEARCH_USER_PATHS = NO;
				ARCHS = "$(ARCHS_STANDARD_32_BIT)";
				"CODE_SIGN_IDENTITY[sdk=iphoneos*]" = "iPhone Developer";
				COPY_PHASE_STRIP = NO;
				GCC_C_LANGUAGE_STANDARD = gnu99;
				GCC_DYNAMIC_NO_PIC = NO;
				GCC_OPTIMIZATION_LEVEL = 0;
				GCC_PREPROCESSOR_DEFINITIONS = (
					"DEBUG=1",
					"$(inherited)",
				);
				GCC_SYMBOLS_PRIVATE_EXTERN = NO;
				GCC_VERSION = com.apple.compilers.llvm.clang.1_0;
				GCC_WARN_ABOUT_MISSING_PROTOTYPES = YES;
				GCC_WARN_ABOUT_RETURN_TYPE = YES;
				GCC_WARN_UNUSED_VARIABLE = YES;
				IPHONEOS_DEPLOYMENT_TARGET = 5.0;
				SDKROOT = iphoneos;
			};
			name = Debug;
		};
		D198178D14DCDAB700B2B8EB /* Release */ = {
			isa = XCBuildConfiguration;
			buildSettings = {
				ALWAYS_SEARCH_USER_PATHS = NO;
				ARCHS = "$(ARCHS_STANDARD_32_BIT)";
				"CODE_SIGN_IDENTITY[sdk=iphoneos*]" = "iPhone Developer";
				COPY_PHASE_STRIP = YES;
				GCC_C_LANGUAGE_STANDARD = gnu99;
				GCC_VERSION = com.apple.compilers.llvm.clang.1_0;
				GCC_WARN_ABOUT_MISSING_PROTOTYPES = YES;
				GCC_WARN_ABOUT_RETURN_TYPE = YES;
				GCC_WARN_UNUSED_VARIABLE = YES;
				IPHONEOS_DEPLOYMENT_TARGET = 5.0;
				OTHER_CFLAGS = "-DNS_BLOCK_ASSERTIONS=1";
				SDKROOT = iphoneos;
				VALIDATE_PRODUCT = YES;
			};
			name = Release;
		};
		D198178F14DCDAB700B2B8EB /* Debug */ = {
			isa = XCBuildConfiguration;
			buildSettings = {
				CODE_SIGN_IDENTITY = "iPhone Developer";
				"CODE_SIGN_IDENTITY[sdk=iphoneos*]" = "iPhone Developer";
				GCC_PRECOMPILE_PREFIX_HEADER = YES;
				GCC_PREFIX_HEADER = "iMustangs/iMustangs-Prefix.pch";
				INFOPLIST_FILE = "iMustangs/iMustangs-Info.plist";
				PRODUCT_NAME = "$(TARGET_NAME)";
				PROVISIONING_PROFILE = "";
				"PROVISIONING_PROFILE[sdk=iphoneos*]" = "";
				WRAPPER_EXTENSION = app;
			};
			name = Debug;
		};
		D198179014DCDAB700B2B8EB /* Release */ = {
			isa = XCBuildConfiguration;
			buildSettings = {
				CODE_SIGN_IDENTITY = "iPhone Developer";
				"CODE_SIGN_IDENTITY[sdk=iphoneos*]" = "iPhone Developer";
				GCC_PRECOMPILE_PREFIX_HEADER = YES;
				GCC_PREFIX_HEADER = "iMustangs/iMustangs-Prefix.pch";
				INFOPLIST_FILE = "iMustangs/iMustangs-Info.plist";
				PRODUCT_NAME = "$(TARGET_NAME)";
				PROVISIONING_PROFILE = "";
				"PROVISIONING_PROFILE[sdk=iphoneos*]" = "";
				WRAPPER_EXTENSION = app;
			};
			name = Release;
		};
/* End XCBuildConfiguration section */

/* Begin XCConfigurationList section */
		D198175514DCDAB600B2B8EB /* Build configuration list for PBXProject "iMustangs" */ = {
			isa = XCConfigurationList;
			buildConfigurations = (
				D198178C14DCDAB700B2B8EB /* Debug */,
				D198178D14DCDAB700B2B8EB /* Release */,
			);
			defaultConfigurationIsVisible = 0;
			defaultConfigurationName = Release;
		};
		D198178E14DCDAB700B2B8EB /* Build configuration list for PBXNativeTarget "iMustangs" */ = {
			isa = XCConfigurationList;
			buildConfigurations = (
				D198178F14DCDAB700B2B8EB /* Debug */,
				D198179014DCDAB700B2B8EB /* Release */,
			);
			defaultConfigurationIsVisible = 0;
			defaultConfigurationName = Release;
		};
/* End XCConfigurationList section */
	};
	rootObject = D198175214DCDAB600B2B8EB /* Project object */;
}
